<Solution>
  <Configurations>
    <Platform Name="x64" />
  </Configurations>
  <Project Path="Array/Array.vcxproj" Id="caaa5144-a94a-4e6b-87fa-741b206cf7ca" />
  <Project Path="BinarySearchTree/BinarySearchTree.vcxproj" Id="5453dd36-131b-4f40-a009-c9e55e309e5e" />
  <Project Path="BinaryTree/BinaryTree.vcxproj" Id="e42dfcdc-db63-4593-9d10-cf978000a625" />
  <Project Path="DeQueue/DeQueue.vcxproj" Id="d3b44935-f780-4568-973b-6be23d869d09" />
  <Project Path="HashTable/HashTable.vcxproj" Id="ec3b99ab-a204-42ff-9cf0-c494ea8a7c1c" />
  <Project Path="List/List.vcxproj" Id="f510194c-6a23-45aa-ab8c-4d8ade34deac" />
  <Project Path="Queue/Queue.vcxproj" Id="2e3f69eb-86ce-43c7-aa19-3c7684ca3dd3" />
  <Project Path="QueueMaze/QueueMaze.vcxproj" Id="d28a16ce-ae13-42be-bda9-ea726ffea601" />
  <Project Path="SingleLinkedList/SingleLinkedList.vcxproj" Id="02bc58ed-b747-421d-bb12-226f5a5b1662" />
  <Project Path="Stack/Stack.vcxproj" Id="ee53a5e3-f3b0-40ea-83ee-0db645265d29" />
  <Project Path="StackMaze/StackMaze.vcxproj" Id="4a534622-a449-4878-93d4-afef87feefe4" />
  <Project Path="Tree/Tree.vcxproj" Id="36edda40-2028-4658-8999-f80ea65d0b0d" />
</Solution>
